
Microsoft Visual Studio Solution File, Format Version 12.00
# Visual Studio Version 17
VisualStudioVersion = 17.13.35931.197 d17.13
MinimumVisualStudioVersion = 10.0.40219.1
Project("{FAE04EC0-301F-11D3-BF4B-00C04F79EFBC}") = "TestRender", "TestRender\TestRender.csproj", "{714C77EC-B419-4446-8410-62D1FCBD2C34}"
EndProject
Global
	GlobalSection(SolutionConfigurationPlatforms) = preSolution
		Debug|Any CPU = Debug|Any CPU
		Release|Any CPU = Release|Any CPU
	EndGlobalSection
	GlobalSection(ProjectConfigurationPlatforms) = postSolution
		{714C77EC-B419-4446-8410-62D1FCBD2C34}.Debug|Any CPU.ActiveCfg = Debug|Any CPU
		{714C77EC-B419-4446-8410-62D1FCBD2C34}.Debug|Any CPU.Build.0 = Debug|Any CPU
		{714C77EC-B419-4446-8410-62D1FCBD2C34}.Release|Any CPU.ActiveCfg = Release|Any CPU
		{714C77EC-B419-4446-8410-62D1FCBD2C34}.Release|Any CPU.Build.0 = Release|Any CPU
	EndGlobalSection
	GlobalSection(SolutionProperties) = preSolution
		HideSolutionNode = FALSE
	EndGlobalSection
	GlobalSection(ExtensibilityGlobals) = postSolution
		SolutionGuid = {CE74F196-DD5A-428C-AA88-A7420605D809}
	EndGlobalSection
EndGlobal
